// !$*UTF8*$!
{
	archiveVersion = 1;
	classes = {
	};
	objectVersion = 77;
	objects = {

/* Begin PBXBuildFile section */
		6D9FF2502FEEB001008AA850 /* CryptoSwift in Frameworks */ = {isa = PBXBuildFile; productRef = 6D9FF2522FEEB001008AA850 /* CryptoSwift */; };
		6D9FF26A2FEEB200008AA850 /* PicaX Watch App.app in Embed Watch Content */ = {isa = PBXBuildFile; fileRef = 6D9FF2622FEEB200008AA850 /* PicaX Watch App.app */; platformFilter = ios; settings = {ATTRIBUTES = (RemoveHeadersOnCopy, ); }; };
		6D9FF2A02FEEE001008AA850 /* Zoomable in Frameworks */ = {isa = PBXBuildFile; productRef = 6D9FF2A22FEEE001008AA850 /* Zoomable */; };
		6D9FF2B02FEEF001008AA850 /* CryptoSwift in Frameworks */ = {isa = PBXBuildFile; productRef = 6D9FF2522FEEB001008AA850 /* CryptoSwift */; };
		6D9FF3022FF01000008AA850 /* PicaXDownloadActivityWidgets.appex in Embed App Extensions */ = {isa = PBXBuildFile; fileRef = 6D9FF3052FF01000008AA850 /* PicaXDownloadActivityWidgets.appex */; platformFilter = ios; settings = {ATTRIBUTES = (RemoveHeadersOnCopy, ); }; };
		6D9FF3202FF02000008AA850 /* libwebp in Frameworks */ = {isa = PBXBuildFile; productRef = 6D9FF3222FF02000008AA850 /* libwebp */; };
/* End PBXBuildFile section */

/* Begin PBXContainerItemProxy section */
		6D9FF26C2FEEB200008AA850 /* PBXContainerItemProxy */ = {
			isa = PBXContainerItemProxy;
			containerPortal = 6D9FF22B2FEEA844008AA850 /* Project object */;
			proxyType = 1;
			remoteGlobalIDString = 6D9FF2662FEEB200008AA850;
			remoteInfo = "PicaX Watch App";
		};
		6D9FF3032FF01000008AA850 /* PBXContainerItemProxy */ = {
			isa = PBXContainerItemProxy;
			containerPortal = 6D9FF22B2FEEA844008AA850 /* Project object */;
			proxyType = 1;
			remoteGlobalIDString = 6D9FF3082FF01000008AA850;
			remoteInfo = PicaXDownloadActivityWidgets;
		};
/* End PBXContainerItemProxy section */

/* Begin PBXCopyFilesBuildPhase section */
		6D9FF26B2FEEB200008AA850 /* Embed Watch Content */ = {
			isa = PBXCopyFilesBuildPhase;
			buildActionMask = 2147483647;
			dstPath = "$(CONTENTS_FOLDER_PATH)/Watch";
			dstSubfolderSpec = 16;
			files = (
				6D9FF26A2FEEB200008AA850 /* PicaX Watch App.app in Embed Watch Content */,
			);
			name = "Embed Watch Content";
			runOnlyForDeploymentPostprocessing = 0;
		};
		6D9FF3042FF01000008AA850 /* Embed App Extensions */ = {
			isa = PBXCopyFilesBuildPhase;
			buildActionMask = 2147483647;
			dstPath = "";
			dstSubfolderSpec = 13;
			files = (
				6D9FF3022FF01000008AA850 /* PicaXDownloadActivityWidgets.appex in Embed App Extensions */,
			);
			name = "Embed App Extensions";
			runOnlyForDeploymentPostprocessing = 0;
		};
/* End PBXCopyFilesBuildPhase section */

/* Begin PBXFileReference section */
		6D9FF2332FEEA844008AA850 /* PicaX.app */ = {isa = PBXFileReference; explicitFileType = wrapper.application; includeInIndex = 0; path = PicaX.app; sourceTree = BUILT_PRODUCTS_DIR; };
		6D9FF2622FEEB200008AA850 /* PicaX Watch App.app */ = {isa = PBXFileReference; explicitFileType = wrapper.application; includeInIndex = 0; path = "PicaX Watch App.app"; sourceTree = BUILT_PRODUCTS_DIR; };
		6D9FF3052FF01000008AA850 /* PicaXDownloadActivityWidgets.appex */ = {isa = PBXFileReference; explicitFileType = "wrapper.app-extension"; includeInIndex = 0; path = PicaXDownloadActivityWidgets.appex; sourceTree = BUILT_PRODUCTS_DIR; };
/* End PBXFileReference section */

/* Begin PBXFileSystemSynchronizedRootGroup section */
		6D9FF2352FEEA844008AA850 /* PicaX */ = {
			isa = PBXFileSystemSynchronizedRootGroup;
			path = PicaX;
			sourceTree = "<group>";
		};
		6D9FF2602FEEB200008AA850 /* PicaXShared */ = {
			isa = PBXFileSystemSynchronizedRootGroup;
			path = PicaXShared;
			sourceTree = "<group>";
		};
		6D9FF2612FEEB200008AA850 /* PicaXWatch */ = {
			isa = PBXFileSystemSynchronizedRootGroup;
			path = PicaXWatch;
			sourceTree = "<group>";
		};
		6D9FF3062FF01000008AA850 /* PicaXDownloadActivityWidgets */ = {
			isa = PBXFileSystemSynchronizedRootGroup;
			path = PicaXDownloadActivityWidgets;
			sourceTree = "<group>";
		};
/* End PBXFileSystemSynchronizedRootGroup section */

/* Begin PBXFrameworksBuildPhase section */
		6D9FF2302FEEA844008AA850 /* Frameworks */ = {
			isa = PBXFrameworksBuildPhase;
			buildActionMask = 2147483647;
			files = (
				6D9FF2502FEEB001008AA850 /* CryptoSwift in Frameworks */,
				6D9FF2A02FEEE001008AA850 /* Zoomable in Frameworks */,
			);
			runOnlyForDeploymentPostprocessing = 0;
		};
		6D9FF2642FEEB200008AA850 /* Frameworks */ = {
			isa = PBXFrameworksBuildPhase;
			buildActionMask = 2147483647;
			files = (
				6D9FF2B02FEEF001008AA850 /* CryptoSwift in Frameworks */,
				6D9FF3202FF02000008AA850 /* libwebp in Frameworks */,
			);
			runOnlyForDeploymentPostprocessing = 0;
		};
		6D9FF3072FF01000008AA850 /* Frameworks */ = {
			isa = PBXFrameworksBuildPhase;
			buildActionMask = 2147483647;
			files = (
			);
			runOnlyForDeploymentPostprocessing = 0;
		};
/* End PBXFrameworksBuildPhase section */

/* Begin PBXGroup section */
		6D9FF22A2FEEA844008AA850 = {
			isa = PBXGroup;
			children = (
				6D9FF2352FEEA844008AA850 /* PicaX */,
				6D9FF2602FEEB200008AA850 /* PicaXShared */,
				6D9FF2612FEEB200008AA850 /* PicaXWatch */,
				6D9FF3062FF01000008AA850 /* PicaXDownloadActivityWidgets */,
				6D9FF2342FEEA844008AA850 /* Products */,
			);
			sourceTree = "<group>";
		};
		6D9FF2342FEEA844008AA850 /* Products */ = {
			isa = PBXGroup;
			children = (
				6D9FF2332FEEA844008AA850 /* PicaX.app */,
				6D9FF2622FEEB200008AA850 /* PicaX Watch App.app */,
				6D9FF3052FF01000008AA850 /* PicaXDownloadActivityWidgets.appex */,
			);
			name = Products;
			sourceTree = "<group>";
		};
/* End PBXGroup section */

/* Begin PBXNativeTarget section */
		6D9FF2322FEEA844008AA850 /* PicaX */ = {
			isa = PBXNativeTarget;
			buildConfigurationList = 6D9FF2402FEEA845008AA850 /* Build configuration list for PBXNativeTarget "PicaX" */;
			buildPhases = (
				6D9FF22F2FEEA844008AA850 /* Sources */,
				6D9FF2302FEEA844008AA850 /* Frameworks */,
				6D9FF2312FEEA844008AA850 /* Resources */,
				6D9FF3042FF01000008AA850 /* Embed App Extensions */,
				6D9FF26B2FEEB200008AA850 /* Embed Watch Content */,
				6D9FF2532FEEB102008AA850 /* Generate Build Environment */,
			);
			buildRules = (
			);
			dependencies = (
				6D9FF30B2FF01000008AA850 /* PBXTargetDependency */,
				6D9FF26D2FEEB200008AA850 /* PBXTargetDependency */,
			);
			fileSystemSynchronizedGroups = (
				6D9FF2352FEEA844008AA850 /* PicaX */,
				6D9FF2602FEEB200008AA850 /* PicaXShared */,
			);
			name = PicaX;
			packageProductDependencies = (
				6D9FF2522FEEB001008AA850 /* CryptoSwift */,
				6D9FF2A22FEEE001008AA850 /* Zoomable */,
			);
			productName = PicaX;
			productReference = 6D9FF2332FEEA844008AA850 /* PicaX.app */;
			productType = "com.apple.product-type.application";
		};
		6D9FF2662FEEB200008AA850 /* PicaX Watch App */ = {
			isa = PBXNativeTarget;
			buildConfigurationList = 6D9FF2672FEEB200008AA850 /* Build configuration list for PBXNativeTarget "PicaX Watch App" */;
			buildPhases = (
				6D9FF2632FEEB200008AA850 /* Sources */,
				6D9FF2642FEEB200008AA850 /* Frameworks */,
				6D9FF2652FEEB200008AA850 /* Resources */,
			);
			buildRules = (
			);
			dependencies = (
			);
			fileSystemSynchronizedGroups = (
				6D9FF2602FEEB200008AA850 /* PicaXShared */,
				6D9FF2612FEEB200008AA850 /* PicaXWatch */,
			);
			name = "PicaX Watch App";
			packageProductDependencies = (
				6D9FF2522FEEB001008AA850 /* CryptoSwift */,
				6D9FF3222FF02000008AA850 /* libwebp */,
			);
			productName = "PicaX Watch App";
			productReference = 6D9FF2622FEEB200008AA850 /* PicaX Watch App.app */;
			productType = "com.apple.product-type.application";
		};
		6D9FF3082FF01000008AA850 /* PicaXDownloadActivityWidgets */ = {
			isa = PBXNativeTarget;
			buildConfigurationList = 6D9FF30E2FF01000008AA850 /* Build configuration list for PBXNativeTarget "PicaXDownloadActivityWidgets" */;
			buildPhases = (
				6D9FF30A2FF01000008AA850 /* Sources */,
				6D9FF3072FF01000008AA850 /* Frameworks */,
				6D9FF3092FF01000008AA850 /* Resources */,
			);
			buildRules = (
			);
			dependencies = (
			);
			fileSystemSynchronizedGroups = (
				6D9FF2602FEEB200008AA850 /* PicaXShared */,
				6D9FF3062FF01000008AA850 /* PicaXDownloadActivityWidgets */,
			);
			name = PicaXDownloadActivityWidgets;
			packageProductDependencies = (
			);
			productName = PicaXDownloadActivityWidgets;
			productReference = 6D9FF3052FF01000008AA850 /* PicaXDownloadActivityWidgets.appex */;
			productType = "com.apple.product-type.app-extension";
		};
/* End PBXNativeTarget section */

/* Begin PBXProject section */
		6D9FF22B2FEEA844008AA850 /* Project object */ = {
			isa = PBXProject;
			attributes = {
				BuildIndependentTargetsInParallel = 1;
				LastSwiftUpdateCheck = 2660;
				LastUpgradeCheck = 2660;
				TargetAttributes = {
					6D9FF2322FEEA844008AA850 = {
						CreatedOnToolsVersion = 26.6;
					};
					6D9FF2662FEEB200008AA850 = {
						CreatedOnToolsVersion = 26.6;
					};
					6D9FF3082FF01000008AA850 = {
						CreatedOnToolsVersion = 26.6;
					};
				};
			};
			buildConfigurationList = 6D9FF22E2FEEA844008AA850 /* Build configuration list for PBXProject "PicaX" */;
			developmentRegion = en;
			hasScannedForEncodings = 0;
			knownRegions = (
				en,
				Base,
			);
			mainGroup = 6D9FF22A2FEEA844008AA850;
			minimizedProjectReferenceProxies = 1;
			packageReferences = (
				6D9FF2512FEEB001008AA850 /* XCRemoteSwiftPackageReference "CryptoSwift" */,
				6D9FF2A12FEEE001008AA850 /* XCRemoteSwiftPackageReference "Zoomable" */,
				6D9FF3212FF02000008AA850 /* XCRemoteSwiftPackageReference "libwebp-Xcode" */,
			);
			preferredProjectObjectVersion = 77;
			productRefGroup = 6D9FF2342FEEA844008AA850 /* Products */;
			projectDirPath = "";
			projectRoot = "";
			targets = (
				6D9FF2322FEEA844008AA850 /* PicaX */,
				6D9FF2662FEEB200008AA850 /* PicaX Watch App */,
				6D9FF3082FF01000008AA850 /* PicaXDownloadActivityWidgets */,
			);
		};
/* End PBXProject section */

/* Begin PBXResourcesBuildPhase section */
		6D9FF2312FEEA844008AA850 /* Resources */ = {
			isa = PBXResourcesBuildPhase;
			buildActionMask = 2147483647;
			files = (
			);
			runOnlyForDeploymentPostprocessing = 0;
		};
		6D9FF2652FEEB200008AA850 /* Resources */ = {
			isa = PBXResourcesBuildPhase;
			buildActionMask = 2147483647;
			files = (
			);
			runOnlyForDeploymentPostprocessing = 0;
		};
		6D9FF3092FF01000008AA850 /* Resources */ = {
			isa = PBXResourcesBuildPhase;
			buildActionMask = 2147483647;
			files = (
			);
			runOnlyForDeploymentPostprocessing = 0;
		};
/* End PBXResourcesBuildPhase section */

/* Begin PBXShellScriptBuildPhase section */
		6D9FF2532FEEB102008AA850 /* Generate Build Environment */ = {
			isa = PBXShellScriptBuildPhase;
			alwaysOutOfDate = 1;
			buildActionMask = 2147483647;
			files = (
			);
			inputFileListPaths = (
			);
			inputPaths = (
				"$(SRCROOT)/BuildScripts/generate-build-environment.sh",
			);
			name = "Generate Build Environment";
			outputFileListPaths = (
			);
			outputPaths = (
				"$(TARGET_BUILD_DIR)/$(UNLOCALIZED_RESOURCES_FOLDER_PATH)/PicaXBuildEnvironment.plist",
			);
			runOnlyForDeploymentPostprocessing = 0;
			shellPath = /bin/sh;
			shellScript = "/bin/sh \"${SRCROOT}/BuildScripts/generate-build-environment.sh\"\n";
		};
/* End PBXShellScriptBuildPhase section */

/* Begin PBXSourcesBuildPhase section */
		6D9FF22F2FEEA844008AA850 /* Sources */ = {
			isa = PBXSourcesBuildPhase;
			buildActionMask = 2147483647;
			files = (
			);
			runOnlyForDeploymentPostprocessing = 0;
		};
		6D9FF2632FEEB200008AA850 /* Sources */ = {
			isa = PBXSourcesBuildPhase;
			buildActionMask = 2147483647;
			files = (
			);
			runOnlyForDeploymentPostprocessing = 0;
		};
		6D9FF30A2FF01000008AA850 /* Sources */ = {
			isa = PBXSourcesBuildPhase;
			buildActionMask = 2147483647;
			files = (
			);
			runOnlyForDeploymentPostprocessing = 0;
		};
/* End PBXSourcesBuildPhase section */

/* Begin PBXTargetDependency section */
		6D9FF26D2FEEB200008AA850 /* PBXTargetDependency */ = {
			isa = PBXTargetDependency;
			platformFilter = ios;
			target = 6D9FF2662FEEB200008AA850 /* PicaX Watch App */;
			targetProxy = 6D9FF26C2FEEB200008AA850 /* PBXContainerItemProxy */;
		};
		6D9FF30B2FF01000008AA850 /* PBXTargetDependency */ = {
			isa = PBXTargetDependency;
			platformFilter = ios;
			target = 6D9FF3082FF01000008AA850 /* PicaXDownloadActivityWidgets */;
			targetProxy = 6D9FF3032FF01000008AA850 /* PBXContainerItemProxy */;
		};
/* End PBXTargetDependency section */

/* Begin XCBuildConfiguration section */
		6D9FF23E2FEEA845008AA850 /* Debug */ = {
			isa = XCBuildConfiguration;
			buildSettings = {
				ALWAYS_SEARCH_USER_PATHS = NO;
				ASSETCATALOG_COMPILER_GENERATE_SWIFT_ASSET_SYMBOL_EXTENSIONS = YES;
				CLANG_ANALYZER_NONNULL = YES;
				CLANG_ANALYZER_NUMBER_OBJECT_CONVERSION = YES_AGGRESSIVE;
				CLANG_CXX_LANGUAGE_STANDARD = "gnu++20";
				CLANG_ENABLE_MODULES = YES;
				CLANG_ENABLE_OBJC_ARC = YES;
				CLANG_ENABLE_OBJC_WEAK = YES;
				CLANG_WARN_BLOCK_CAPTURE_AUTORELEASING = YES;
				CLANG_WARN_BOOL_CONVERSION = YES;
				CLANG_WARN_COMMA = YES;
				CLANG_WARN_CONSTANT_CONVERSION = YES;
				CLANG_WARN_DEPRECATED_OBJC_IMPLEMENTATIONS = YES;
				CLANG_WARN_DIRECT_OBJC_ISA_USAGE = YES_ERROR;
				CLANG_WARN_DOCUMENTATION_COMMENTS = YES;
				CLANG_WARN_EMPTY_BODY = YES;
				CLANG_WARN_ENUM_CONVERSION = YES;
				CLANG_WARN_INFINITE_RECURSION = YES;
				CLANG_WARN_INT_CONVERSION = YES;
				CLANG_WARN_NON_LITERAL_NULL_CONVERSION = YES;
				CLANG_WARN_OBJC_IMPLICIT_RETAIN_SELF = YES;
				CLANG_WARN_OBJC_LITERAL_CONVERSION = YES;
				CLANG_WARN_OBJC_ROOT_CLASS = YES_ERROR;
				CLANG_WARN_QUOTED_INCLUDE_IN_FRAMEWORK_HEADER = YES;
				CLANG_WARN_RANGE_LOOP_ANALYSIS = YES;
				CLANG_WARN_STRICT_PROTOTYPES = YES;
				CLANG_WARN_SUSPICIOUS_MOVE = YES;
				CLANG_WARN_UNGUARDED_AVAILABILITY = YES_AGGRESSIVE;
				CLANG_WARN_UNREACHABLE_CODE = YES;
				CLANG_WARN__DUPLICATE_METHOD_MATCH = YES;
				COPY_PHASE_STRIP = NO;
				DEBUG_INFORMATION_FORMAT = dwarf;
				DEVELOPMENT_TEAM = YG7LA7A4T5;
				ENABLE_STRICT_OBJC_MSGSEND = YES;
				ENABLE_TESTABILITY = YES;
				ENABLE_USER_SCRIPT_SANDBOXING = YES;
				GCC_C_LANGUAGE_STANDARD = gnu17;
				GCC_DYNAMIC_NO_PIC = NO;
				GCC_NO_COMMON_BLOCKS = YES;
				GCC_OPTIMIZATION_LEVEL = 0;
				GCC_PREPROCESSOR_DEFINITIONS = (
					"DEBUG=1",
					"$(inherited)",
				);
				GCC_WARN_64_TO_32_BIT_CONVERSION = YES;
				GCC_WARN_ABOUT_RETURN_TYPE = YES_ERROR;
				GCC_WARN_UNDECLARED_SELECTOR = YES;
				GCC_WARN_UNINITIALIZED_AUTOS = YES_AGGRESSIVE;
				GCC_WARN_UNUSED_FUNCTION = YES;
				GCC_WARN_UNUSED_VARIABLE = YES;
				LOCALIZATION_PREFERS_STRING_CATALOGS = YES;
				MTL_ENABLE_DEBUG_INFO = INCLUDE_SOURCE;
				MTL_FAST_MATH = YES;
				ONLY_ACTIVE_ARCH = YES;
				SWIFT_ACTIVE_COMPILATION_CONDITIONS = "DEBUG $(inherited)";
				SWIFT_OPTIMIZATION_LEVEL = "-Onone";
			};
			name = Debug;
		};
		6D9FF23F2FEEA845008AA850 /* Release */ = {
			isa = XCBuildConfiguration;
			buildSettings = {
				ALWAYS_SEARCH_USER_PATHS = NO;
				ASSETCATALOG_COMPILER_GENERATE_SWIFT_ASSET_SYMBOL_EXTENSIONS = YES;
				CLANG_ANALYZER_NONNULL = YES;
				CLANG_ANALYZER_NUMBER_OBJECT_CONVERSION = YES_AGGRESSIVE;
				CLANG_CXX_LANGUAGE_STANDARD = "gnu++20";
				CLANG_ENABLE_MODULES = YES;
				CLANG_ENABLE_OBJC_ARC = YES;
				CLANG_ENABLE_OBJC_WEAK = YES;
				CLANG_WARN_BLOCK_CAPTURE_AUTORELEASING = YES;
				CLANG_WARN_BOOL_CONVERSION = YES;
				CLANG_WARN_COMMA = YES;
				CLANG_WARN_CONSTANT_CONVERSION = YES;
				CLANG_WARN_DEPRECATED_OBJC_IMPLEMENTATIONS = YES;
				CLANG_WARN_DIRECT_OBJC_ISA_USAGE = YES_ERROR;
				CLANG_WARN_DOCUMENTATION_COMMENTS = YES;
				CLANG_WARN_EMPTY_BODY = YES;
				CLANG_WARN_ENUM_CONVERSION = YES;
				CLANG_WARN_INFINITE_RECURSION = YES;
				CLANG_WARN_INT_CONVERSION = YES;
				CLANG_WARN_NON_LITERAL_NULL_CONVERSION = YES;
				CLANG_WARN_OBJC_IMPLICIT_RETAIN_SELF = YES;
				CLANG_WARN_OBJC_LITERAL_CONVERSION = YES;
				CLANG_WARN_OBJC_ROOT_CLASS = YES_ERROR;
				CLANG_WARN_QUOTED_INCLUDE_IN_FRAMEWORK_HEADER = YES;
				CLANG_WARN_RANGE_LOOP_ANALYSIS = YES;
				CLANG_WARN_STRICT_PROTOTYPES = YES;
				CLANG_WARN_SUSPICIOUS_MOVE = YES;
				CLANG_WARN_UNGUARDED_AVAILABILITY = YES_AGGRESSIVE;
				CLANG_WARN_UNREACHABLE_CODE = YES;
				CLANG_WARN__DUPLICATE_METHOD_MATCH = YES;
				COPY_PHASE_STRIP = NO;
				DEBUG_INFORMATION_FORMAT = "dwarf-with-dsym";
				DEVELOPMENT_TEAM = YG7LA7A4T5;
				ENABLE_NS_ASSERTIONS = NO;
				ENABLE_STRICT_OBJC_MSGSEND = YES;
				ENABLE_USER_SCRIPT_SANDBOXING = YES;
				GCC_C_LANGUAGE_STANDARD = gnu17;
				GCC_NO_COMMON_BLOCKS = YES;
				GCC_WARN_64_TO_32_BIT_CONVERSION = YES;
				GCC_WARN_ABOUT_RETURN_TYPE = YES_ERROR;
				GCC_WARN_UNDECLARED_SELECTOR = YES;
				GCC_WARN_UNINITIALIZED_AUTOS = YES_AGGRESSIVE;
				GCC_WARN_UNUSED_FUNCTION = YES;
				GCC_WARN_UNUSED_VARIABLE = YES;
				LOCALIZATION_PREFERS_STRING_CATALOGS = YES;
				MTL_ENABLE_DEBUG_INFO = NO;
				MTL_FAST_MATH = YES;
				SWIFT_COMPILATION_MODE = wholemodule;
			};
			name = Release;
		};
		6D9FF2412FEEA845008AA850 /* Debug */ = {
			isa = XCBuildConfiguration;
			buildSettings = {
				ASSETCATALOG_COMPILER_APPICON_NAME = AppIcon;
				ASSETCATALOG_COMPILER_GLOBAL_ACCENT_COLOR_NAME = AccentColor;
				"CODE_SIGN_ENTITLEMENTS[sdk=macosx*]" = PicaX/PicaX.entitlements;
				CODE_SIGN_STYLE = Automatic;
				CURRENT_PROJECT_VERSION = 2607041;
				DEVELOPMENT_TEAM = YG7LA7A4T5;
				ENABLE_APP_SANDBOX = YES;
				ENABLE_HARDENED_RUNTIME = YES;
				ENABLE_PREVIEWS = YES;
				ENABLE_USER_SELECTED_FILES = readonly;
				GENERATE_INFOPLIST_FILE = NO;
				INFOPLIST_FILE = "BuildSupport/PicaX-Info.plist";
				"INFOPLIST_KEY_UIApplicationSceneManifest_Generation[sdk=iphoneos*]" = YES;
				"INFOPLIST_KEY_UIApplicationSceneManifest_Generation[sdk=iphonesimulator*]" = YES;
				"INFOPLIST_KEY_UIApplicationSupportsIndirectInputEvents[sdk=iphoneos*]" = YES;
				"INFOPLIST_KEY_UIApplicationSupportsIndirectInputEvents[sdk=iphonesimulator*]" = YES;
				"INFOPLIST_KEY_UILaunchScreen_Generation[sdk=iphoneos*]" = YES;
				"INFOPLIST_KEY_UILaunchScreen_Generation[sdk=iphonesimulator*]" = YES;
				"INFOPLIST_KEY_UIStatusBarStyle[sdk=iphoneos*]" = UIStatusBarStyleDefault;
				"INFOPLIST_KEY_UIStatusBarStyle[sdk=iphonesimulator*]" = UIStatusBarStyleDefault;
				INFOPLIST_KEY_UISupportedInterfaceOrientations_iPad = "UIInterfaceOrientationPortrait UIInterfaceOrientationPortraitUpsideDown UIInterfaceOrientationLandscapeLeft UIInterfaceOrientationLandscapeRight";
				INFOPLIST_KEY_UISupportedInterfaceOrientations_iPhone = "UIInterfaceOrientationPortrait UIInterfaceOrientationLandscapeLeft UIInterfaceOrientationLandscapeRight";
				IPHONEOS_DEPLOYMENT_TARGET = 26.0;
				LD_RUNPATH_SEARCH_PATHS = "@executable_path/Frameworks";
				"LD_RUNPATH_SEARCH_PATHS[sdk=macosx*]" = "@executable_path/../Frameworks";
				MACOSX_DEPLOYMENT_TARGET = 26.0;
				MARKETING_VERSION = 1.1.1;
				OTHER_LDFLAGS = (
					"$(inherited)",
					"-lsqlite3",
					"-lz",
				);
				PRODUCT_BUNDLE_IDENTIFIER = moye.PicaX;
				PRODUCT_NAME = "$(TARGET_NAME)";
				REGISTER_APP_GROUPS = YES;
				SDKROOT = auto;
				STRING_CATALOG_GENERATE_SYMBOLS = YES;
				SUPPORTED_PLATFORMS = "iphoneos iphonesimulator macosx xros xrsimulator";
				SWIFT_APPROACHABLE_CONCURRENCY = YES;
				SWIFT_DEFAULT_ACTOR_ISOLATION = MainActor;
				SWIFT_EMIT_LOC_STRINGS = YES;
				SWIFT_UPCOMING_FEATURE_MEMBER_IMPORT_VISIBILITY = YES;
				SWIFT_VERSION = 5.0;
				TARGETED_DEVICE_FAMILY = "1,2,7";
				XROS_DEPLOYMENT_TARGET = 26.0;
			};
			name = Debug;
		};
		6D9FF2422FEEA845008AA850 /* Release */ = {
			isa = XCBuildConfiguration;
			buildSettings = {
				ASSETCATALOG_COMPILER_APPICON_NAME = AppIcon;
				ASSETCATALOG_COMPILER_GLOBAL_ACCENT_COLOR_NAME = AccentColor;
				"CODE_SIGN_ENTITLEMENTS[sdk=macosx*]" = PicaX/PicaX.entitlements;
				CODE_SIGN_STYLE = Automatic;
				CURRENT_PROJECT_VERSION = 2607041;
				DEVELOPMENT_TEAM = YG7LA7A4T5;
				ENABLE_APP_SANDBOX = YES;
				ENABLE_HARDENED_RUNTIME = YES;
				ENABLE_PREVIEWS = YES;
				ENABLE_USER_SELECTED_FILES = readonly;
				GENERATE_INFOPLIST_FILE = NO;
				INFOPLIST_FILE = "BuildSupport/PicaX-Info.plist";
				"INFOPLIST_KEY_UIApplicationSceneManifest_Generation[sdk=iphoneos*]" = YES;
				"INFOPLIST_KEY_UIApplicationSceneManifest_Generation[sdk=iphonesimulator*]" = YES;
				"INFOPLIST_KEY_UIApplicationSupportsIndirectInputEvents[sdk=iphoneos*]" = YES;
				"INFOPLIST_KEY_UIApplicationSupportsIndirectInputEvents[sdk=iphonesimulator*]" = YES;
				"INFOPLIST_KEY_UILaunchScreen_Generation[sdk=iphoneos*]" = YES;
				"INFOPLIST_KEY_UILaunchScreen_Generation[sdk=iphonesimulator*]" = YES;
				"INFOPLIST_KEY_UIStatusBarStyle[sdk=iphoneos*]" = UIStatusBarStyleDefault;
				"INFOPLIST_KEY_UIStatusBarStyle[sdk=iphonesimulator*]" = UIStatusBarStyleDefault;
				INFOPLIST_KEY_UISupportedInterfaceOrientations_iPad = "UIInterfaceOrientationPortrait UIInterfaceOrientationPortraitUpsideDown UIInterfaceOrientationLandscapeLeft UIInterfaceOrientationLandscapeRight";
				INFOPLIST_KEY_UISupportedInterfaceOrientations_iPhone = "UIInterfaceOrientationPortrait UIInterfaceOrientationLandscapeLeft UIInterfaceOrientationLandscapeRight";
				IPHONEOS_DEPLOYMENT_TARGET = 26.0;
				LD_RUNPATH_SEARCH_PATHS = "@executable_path/Frameworks";
				"LD_RUNPATH_SEARCH_PATHS[sdk=macosx*]" = "@executable_path/../Frameworks";
				MACOSX_DEPLOYMENT_TARGET = 26.0;
				MARKETING_VERSION = 1.1.1;
				OTHER_LDFLAGS = (
					"$(inherited)",
					"-lsqlite3",
					"-lz",
				);
				PRODUCT_BUNDLE_IDENTIFIER = moye.PicaX;
				PRODUCT_NAME = "$(TARGET_NAME)";
				REGISTER_APP_GROUPS = YES;
				SDKROOT = auto;
				STRING_CATALOG_GENERATE_SYMBOLS = YES;
				SUPPORTED_PLATFORMS = "iphoneos iphonesimulator macosx xros xrsimulator";
				SWIFT_APPROACHABLE_CONCURRENCY = YES;
				SWIFT_DEFAULT_ACTOR_ISOLATION = MainActor;
				SWIFT_EMIT_LOC_STRINGS = YES;
				SWIFT_UPCOMING_FEATURE_MEMBER_IMPORT_VISIBILITY = YES;
				SWIFT_VERSION = 5.0;
				TARGETED_DEVICE_FAMILY = "1,2,7";
				XROS_DEPLOYMENT_TARGET = 26.0;
			};
			name = Release;
		};
		6D9FF2682FEEB200008AA850 /* Debug */ = {
			isa = XCBuildConfiguration;
			buildSettings = {
				ASSETCATALOG_COMPILER_APPICON_NAME = AppIcon;
				ASSETCATALOG_COMPILER_GLOBAL_ACCENT_COLOR_NAME = AccentColor;
				CODE_SIGN_STYLE = Automatic;
				CURRENT_PROJECT_VERSION = 2607041;
				DEVELOPMENT_TEAM = YG7LA7A4T5;
				ENABLE_PREVIEWS = YES;
				GENERATE_INFOPLIST_FILE = YES;
				INFOPLIST_KEY_CFBundleDisplayName = PicaX;
				INFOPLIST_KEY_UISupportedInterfaceOrientations = "UIInterfaceOrientationPortrait UIInterfaceOrientationPortraitUpsideDown";
				INFOPLIST_KEY_WKApplication = YES;
				INFOPLIST_KEY_WKCompanionAppBundleIdentifier = moye.PicaX;
				LD_RUNPATH_SEARCH_PATHS = (
					"$(inherited)",
					"@executable_path/Frameworks",
				);
				MARKETING_VERSION = 1.1.1;
				PRODUCT_BUNDLE_IDENTIFIER = moye.PicaX.watchkitapp;
				PRODUCT_NAME = "$(TARGET_NAME)";
				SDKROOT = watchos;
				SKIP_INSTALL = YES;
				STRING_CATALOG_GENERATE_SYMBOLS = YES;
				SUPPORTED_PLATFORMS = "watchos watchsimulator";
				SWIFT_APPROACHABLE_CONCURRENCY = YES;
				SWIFT_DEFAULT_ACTOR_ISOLATION = MainActor;
				SWIFT_EMIT_LOC_STRINGS = YES;
				SWIFT_UPCOMING_FEATURE_MEMBER_IMPORT_VISIBILITY = YES;
				SWIFT_VERSION = 5.0;
				TARGETED_DEVICE_FAMILY = 4;
				WATCHOS_DEPLOYMENT_TARGET = 26.0;
			};
			name = Debug;
		};
		6D9FF2692FEEB200008AA850 /* Release */ = {
			isa = XCBuildConfiguration;
			buildSettings = {
				ASSETCATALOG_COMPILER_APPICON_NAME = AppIcon;
				ASSETCATALOG_COMPILER_GLOBAL_ACCENT_COLOR_NAME = AccentColor;
				CODE_SIGN_STYLE = Automatic;
				CURRENT_PROJECT_VERSION = 2607041;
				DEVELOPMENT_TEAM = YG7LA7A4T5;
				ENABLE_PREVIEWS = YES;
				GENERATE_INFOPLIST_FILE = YES;
				INFOPLIST_KEY_CFBundleDisplayName = PicaX;
				INFOPLIST_KEY_UISupportedInterfaceOrientations = "UIInterfaceOrientationPortrait UIInterfaceOrientationPortraitUpsideDown";
				INFOPLIST_KEY_WKApplication = YES;
				INFOPLIST_KEY_WKCompanionAppBundleIdentifier = moye.PicaX;
				LD_RUNPATH_SEARCH_PATHS = (
					"$(inherited)",
					"@executable_path/Frameworks",
				);
				MARKETING_VERSION = 1.1.1;
				PRODUCT_BUNDLE_IDENTIFIER = moye.PicaX.watchkitapp;
				PRODUCT_NAME = "$(TARGET_NAME)";
				SDKROOT = watchos;
				SKIP_INSTALL = YES;
				STRING_CATALOG_GENERATE_SYMBOLS = YES;
				SUPPORTED_PLATFORMS = "watchos watchsimulator";
				SWIFT_APPROACHABLE_CONCURRENCY = YES;
				SWIFT_DEFAULT_ACTOR_ISOLATION = MainActor;
				SWIFT_EMIT_LOC_STRINGS = YES;
				SWIFT_UPCOMING_FEATURE_MEMBER_IMPORT_VISIBILITY = YES;
				SWIFT_VERSION = 5.0;
				TARGETED_DEVICE_FAMILY = 4;
				WATCHOS_DEPLOYMENT_TARGET = 26.0;
			};
			name = Release;
		};
		6D9FF30C2FF01000008AA850 /* Debug */ = {
			isa = XCBuildConfiguration;
			buildSettings = {
				APPLICATION_EXTENSION_API_ONLY = YES;
				CODE_SIGN_STYLE = Automatic;
				CURRENT_PROJECT_VERSION = 2607041;
				DEVELOPMENT_TEAM = YG7LA7A4T5;
				ENABLE_PREVIEWS = YES;
				GENERATE_INFOPLIST_FILE = NO;
				INFOPLIST_FILE = "BuildSupport/PicaXDownloadActivityWidgets-Info.plist";
				IPHONEOS_DEPLOYMENT_TARGET = 26.0;
				LD_RUNPATH_SEARCH_PATHS = (
					"$(inherited)",
					"@executable_path/Frameworks",
					"@executable_path/../../Frameworks",
				);
				MARKETING_VERSION = 1.1.1;
				PRODUCT_BUNDLE_IDENTIFIER = moye.PicaX.downloadActivityWidgets;
				PRODUCT_NAME = "$(TARGET_NAME)";
				SDKROOT = iphoneos;
				SKIP_INSTALL = YES;
				STRING_CATALOG_GENERATE_SYMBOLS = YES;
				SUPPORTED_PLATFORMS = "iphoneos iphonesimulator";
				SWIFT_APPROACHABLE_CONCURRENCY = YES;
				SWIFT_DEFAULT_ACTOR_ISOLATION = MainActor;
				SWIFT_EMIT_LOC_STRINGS = YES;
				SWIFT_UPCOMING_FEATURE_MEMBER_IMPORT_VISIBILITY = YES;
				SWIFT_VERSION = 5.0;
				TARGETED_DEVICE_FAMILY = "1,2";
			};
			name = Debug;
		};
		6D9FF30D2FF01000008AA850 /* Release */ = {
			isa = XCBuildConfiguration;
			buildSettings = {
				APPLICATION_EXTENSION_API_ONLY = YES;
				CODE_SIGN_STYLE = Automatic;
				CURRENT_PROJECT_VERSION = 2607041;
				DEVELOPMENT_TEAM = YG7LA7A4T5;
				ENABLE_PREVIEWS = YES;
				GENERATE_INFOPLIST_FILE = NO;
				INFOPLIST_FILE = "BuildSupport/PicaXDownloadActivityWidgets-Info.plist";
				IPHONEOS_DEPLOYMENT_TARGET = 26.0;
				LD_RUNPATH_SEARCH_PATHS = (
					"$(inherited)",
					"@executable_path/Frameworks",
					"@executable_path/../../Frameworks",
				);
				MARKETING_VERSION = 1.1.1;
				PRODUCT_BUNDLE_IDENTIFIER = moye.PicaX.downloadActivityWidgets;
				PRODUCT_NAME = "$(TARGET_NAME)";
				SDKROOT = iphoneos;
				SKIP_INSTALL = YES;
				STRING_CATALOG_GENERATE_SYMBOLS = YES;
				SUPPORTED_PLATFORMS = "iphoneos iphonesimulator";
				SWIFT_APPROACHABLE_CONCURRENCY = YES;
				SWIFT_DEFAULT_ACTOR_ISOLATION = MainActor;
				SWIFT_EMIT_LOC_STRINGS = YES;
				SWIFT_UPCOMING_FEATURE_MEMBER_IMPORT_VISIBILITY = YES;
				SWIFT_VERSION = 5.0;
				TARGETED_DEVICE_FAMILY = "1,2";
			};
			name = Release;
		};
/* End XCBuildConfiguration section */

/* Begin XCConfigurationList section */
		6D9FF22E2FEEA844008AA850 /* Build configuration list for PBXProject "PicaX" */ = {
			isa = XCConfigurationList;
			buildConfigurations = (
				6D9FF23E2FEEA845008AA850 /* Debug */,
				6D9FF23F2FEEA845008AA850 /* Release */,
			);
			defaultConfigurationIsVisible = 0;
			defaultConfigurationName = Release;
		};
		6D9FF2402FEEA845008AA850 /* Build configuration list for PBXNativeTarget "PicaX" */ = {
			isa = XCConfigurationList;
			buildConfigurations = (
				6D9FF2412FEEA845008AA850 /* Debug */,
				6D9FF2422FEEA845008AA850 /* Release */,
			);
			defaultConfigurationIsVisible = 0;
			defaultConfigurationName = Release;
		};
		6D9FF2672FEEB200008AA850 /* Build configuration list for PBXNativeTarget "PicaX Watch App" */ = {
			isa = XCConfigurationList;
			buildConfigurations = (
				6D9FF2682FEEB200008AA850 /* Debug */,
				6D9FF2692FEEB200008AA850 /* Release */,
			);
			defaultConfigurationIsVisible = 0;
			defaultConfigurationName = Release;
		};
		6D9FF30E2FF01000008AA850 /* Build configuration list for PBXNativeTarget "PicaXDownloadActivityWidgets" */ = {
			isa = XCConfigurationList;
			buildConfigurations = (
				6D9FF30C2FF01000008AA850 /* Debug */,
				6D9FF30D2FF01000008AA850 /* Release */,
			);
			defaultConfigurationIsVisible = 0;
			defaultConfigurationName = Release;
		};
/* End XCConfigurationList section */

/* Begin XCRemoteSwiftPackageReference section */
		6D9FF2512FEEB001008AA850 /* XCRemoteSwiftPackageReference "CryptoSwift" */ = {
			isa = XCRemoteSwiftPackageReference;
			repositoryURL = "https://github.com/krzyzanowskim/CryptoSwift.git";
			requirement = {
				kind = upToNextMajorVersion;
				minimumVersion = 1.8.0;
			};
		};
		6D9FF2A12FEEE001008AA850 /* XCRemoteSwiftPackageReference "Zoomable" */ = {
			isa = XCRemoteSwiftPackageReference;
			repositoryURL = "https://github.com/ryohey/Zoomable.git";
			requirement = {
				branch = main;
				kind = branch;
			};
		};
		6D9FF3212FF02000008AA850 /* XCRemoteSwiftPackageReference "libwebp-Xcode" */ = {
			isa = XCRemoteSwiftPackageReference;
			repositoryURL = "https://github.com/SDWebImage/libwebp-Xcode.git";
			requirement = {
				kind = upToNextMajorVersion;
				minimumVersion = 1.5.0;
			};
		};
/* End XCRemoteSwiftPackageReference section */

/* Begin XCSwiftPackageProductDependency section */
		6D9FF2522FEEB001008AA850 /* CryptoSwift */ = {
			isa = XCSwiftPackageProductDependency;
			package = 6D9FF2512FEEB001008AA850 /* XCRemoteSwiftPackageReference "CryptoSwift" */;
			productName = CryptoSwift;
		};
		6D9FF2A22FEEE001008AA850 /* Zoomable */ = {
			isa = XCSwiftPackageProductDependency;
			package = 6D9FF2A12FEEE001008AA850 /* XCRemoteSwiftPackageReference "Zoomable" */;
			productName = Zoomable;
		};
		6D9FF3222FF02000008AA850 /* libwebp */ = {
			isa = XCSwiftPackageProductDependency;
			package = 6D9FF3212FF02000008AA850 /* XCRemoteSwiftPackageReference "libwebp-Xcode" */;
			productName = libwebp;
		};
/* End XCSwiftPackageProductDependency section */
	};
	rootObject = 6D9FF22B2FEEA844008AA850 /* Project object */;
}
