{
  "originHash" : "e1012d57a525a29378810d2b012317e0dec1bc253209adc1d8bd690faaaea275",
  "pins" : [
    {
      "identity" : "cryptoswift",
      "kind" : "remoteSourceControl",
      "location" : "https://github.com/krzyzanowskim/CryptoSwift.git",
      "state" : {
        "revision" : "f2a627b84c1ff96f21ac2fcb623ab36142dd5512",
        "version" : "1.10.0"
      }
    },
    {
      "identity" : "libwebp-xcode",
      "kind" : "remoteSourceControl",
      "location" : "https://github.com/SDWebImage/libwebp-Xcode.git",
      "state" : {
        "revision" : "0d60654eeefd5d7d2bef3835804892c40225e8b2",
        "version" : "1.5.0"
      }
    },
    {
      "identity" : "zoomable",
      "kind" : "remoteSourceControl",
      "location" : "https://github.com/ryohey/Zoomable.git",
      "state" : {
        "branch" : "main",
        "revision" : "27463744a1c82e550959703153bd6f3c62fef906"
      }
    }
  ],
  "version" : 3
}
